# This file is autogenerated, do not edit; changes may be undone by the next 'dep ensure'.


[[projects]]
  branch = "master"
  name = "github.com/PuerkitoBio/rehttp"
  packages = ["."]
  revision = "11cf6ea5d3e9afda34846e1db511aa218049471c"

[[projects]]
  name = "github.com/lionelbarrow/braintree-go"
  packages = [
    ".",
    "customfields",
    "date",
    "xmlnil"
  ]
  revision = "0e307064483e3d0335e35feb5df8e9bca68d019c"
  version = "v0.18.0"

[solve-meta]
  analyzer-name = "dep"
  analyzer-version = 1
  inputs-digest = "3632394e3d5681e4645f2899b770f038a2cc6f31c52b781aba25d9a396a0d293"
  solver-name = "gps-cdcl"
  solver-version = 1
