# This file is autogenerated, do not edit; changes may be undone by the next 'dep ensure'.


[[projects]]
  name = "github.com/ChimeraCoder/anaconda"
  packages = ["."]
  revision = "9c68684170b980d5b4c2ed08fae9b530e659904d"
  version = "v2.0.0"

[[projects]]
  branch = "master"
  name = "github.com/ChimeraCoder/tokenbucket"
  packages = ["."]
  revision = "c5a927568de7aad8a58127d80bcd36ca4e71e454"

[[projects]]
  branch = "master"
  name = "github.com/PuerkitoBio/rehttp"
  packages = ["."]
  revision = "11cf6ea5d3e9afda34846e1db511aa218049471c"

[[projects]]
  branch = "master"
  name = "github.com/azr/backoff"
  packages = ["."]
  revision = "53511d3c733003985b0b76f733df1f4d0095ee6a"

[[projects]]
  name = "github.com/dropbox/dropbox-sdk-go-unofficial"
  packages = [
    "dropbox",
    "dropbox/async",
    "dropbox/file_properties",
    "dropbox/files"
  ]
  revision = "81ac5b288ffc03b166174f520cdc0b227461450e"
  version = "v4.0.0"

[[projects]]
  branch = "master"
  name = "github.com/dustin/go-jsonpointer"
  packages = ["."]
  revision = "ba0abeacc3dcca5b9b20f31509c46794edbc9965"

[[projects]]
  branch = "master"
  name = "github.com/dustin/gojson"
  packages = ["."]
  revision = "2e71ec9dd5adce3b168cd0dbde03b5cc04951c30"

[[projects]]
  branch = "master"
  name = "github.com/garyburd/go-oauth"
  packages = ["oauth"]
  revision = "bca2e7f09a178fd36b034107a00e2323bca6a82e"

[[projects]]
  name = "github.com/golang/protobuf"
  packages = ["proto"]
  revision = "925541529c1fa6821df4e44ce2723319eb2be768"
  version = "v1.0.0"

[[projects]]
  name = "github.com/lionelbarrow/braintree-go"
  packages = [
    ".",
    "customfields",
    "date",
    "xmlnil"
  ]
  revision = "0e307064483e3d0335e35feb5df8e9bca68d019c"
  version = "v0.18.0"

[[projects]]
  branch = "master"
  name = "golang.org/x/net"
  packages = [
    "context",
    "context/ctxhttp"
  ]
  revision = "61147c48b25b599e5b561d2e9c4f3e1ef489ca41"

[[projects]]
  branch = "master"
  name = "golang.org/x/oauth2"
  packages = [
    ".",
    "internal"
  ]
  revision = "921ae394b9430ed4fb549668d7b087601bd60a81"

[[projects]]
  name = "google.golang.org/appengine"
  packages = [
    "internal",
    "internal/base",
    "internal/datastore",
    "internal/log",
    "internal/remote_api",
    "internal/urlfetch",
    "urlfetch"
  ]
  revision = "150dc57a1b433e64154302bdc40b6bb8aefa313a"
  version = "v1.0.0"

[solve-meta]
  analyzer-name = "dep"
  analyzer-version = 1
  inputs-digest = "1e02a99a12738dd5c2c2fe05a0514293c09d64b85ce467540fe60a890f486f7e"
  solver-name = "gps-cdcl"
  solver-version = 1
